
Microsoft Visual Studio Solution File, Format Version 12.00
# Visual Studio Version 16
VisualStudioVersion = 16.0.30114.105
MinimumVisualStudioVersion = 10.0.40219.1
Project("{FAE04EC0-301F-11D3-BF4B-00C04F79EFBC}") = "Merideum.Merit", "Merideum.Merit\Merideum.Merit.csproj", "{41A875D3-6D04-41B7-ACC3-D66A34D98F73}"
EndProject
Project("{2150E333-8FDC-42A3-9474-1A3956D46DE8}") = "SolutionItems", "SolutionItems", "{C00F4905-6E1E-45C7-90B1-E0B1C19211D2}"
	ProjectSection(SolutionItems) = preProject
		.gitignore = .gitignore
	EndProjectSection
EndProject
Global
	GlobalSection(SolutionConfigurationPlatforms) = preSolution
		Debug|Any CPU = Debug|Any CPU
		Release|Any CPU = Release|Any CPU
	EndGlobalSection
	GlobalSection(SolutionProperties) = preSolution
		HideSolutionNode = FALSE
	EndGlobalSection
	GlobalSection(ProjectConfigurationPlatforms) = postSolution
		{41A875D3-6D04-41B7-ACC3-D66A34D98F73}.Debug|Any CPU.ActiveCfg = Debug|Any CPU
		{41A875D3-6D04-41B7-ACC3-D66A34D98F73}.Debug|Any CPU.Build.0 = Debug|Any CPU
		{41A875D3-6D04-41B7-ACC3-D66A34D98F73}.Release|Any CPU.ActiveCfg = Release|Any CPU
		{41A875D3-6D04-41B7-ACC3-D66A34D98F73}.Release|Any CPU.Build.0 = Release|Any CPU
	EndGlobalSection
EndGlobal
